
Microsoft Visual Studio Solution File, Format Version 12.00
# Visual Studio Version 17
VisualStudioVersion = 17.5.33424.131
MinimumVisualStudioVersion = 10.0.40219.1
Project("{9A19103F-16F7-4668-BE54-9A1E7A4F7556}") = "ooadproject", "ooadproject.csproj", "{87119599-D1FE-436D-B1A3-C9B7FC8FE759}"
EndProject
Project("{FAE04EC0-301F-11D3-BF4B-00C04F79EFBC}") = "TestProject1", "..\TestProject1\TestProject1.csproj", "{83F73B3F-4662-4DDC-906D-ABCA6A6634DB}"
EndProject
Global
	GlobalSection(SolutionConfigurationPlatforms) = preSolution
		Debug|Any CPU = Debug|Any CPU
		Release|Any CPU = Release|Any CPU
	EndGlobalSection
	GlobalSection(ProjectConfigurationPlatforms) = postSolution
		{87119599-D1FE-436D-B1A3-C9B7FC8FE759}.Debug|Any CPU.ActiveCfg = Debug|Any CPU
		{87119599-D1FE-436D-B1A3-C9B7FC8FE759}.Debug|Any CPU.Build.0 = Debug|Any CPU
		{87119599-D1FE-436D-B1A3-C9B7FC8FE759}.Release|Any CPU.ActiveCfg = Release|Any CPU
		{87119599-D1FE-436D-B1A3-C9B7FC8FE759}.Release|Any CPU.Build.0 = Release|Any CPU
		{83F73B3F-4662-4DDC-906D-ABCA6A6634DB}.Debug|Any CPU.ActiveCfg = Debug|Any CPU
		{83F73B3F-4662-4DDC-906D-ABCA6A6634DB}.Debug|Any CPU.Build.0 = Debug|Any CPU
		{83F73B3F-4662-4DDC-906D-ABCA6A6634DB}.Release|Any CPU.ActiveCfg = Release|Any CPU
		{83F73B3F-4662-4DDC-906D-ABCA6A6634DB}.Release|Any CPU.Build.0 = Release|Any CPU
	EndGlobalSection
	GlobalSection(SolutionProperties) = preSolution
		HideSolutionNode = FALSE
	EndGlobalSection
	GlobalSection(ExtensibilityGlobals) = postSolution
		SolutionGuid = {EBFE7B3D-924C-4582-A7F1-864F52BA0DAB}
	EndGlobalSection
EndGlobal
